// !$*UTF8*$!
{
	archiveVersion = 1;
	classes = {
	};
	objectVersion = 46;
	objects = {

/* Begin PBXBuildFile section */
		40249B726AD9F56E4FC5BC04 /* libPods.a in Frameworks */ = {isa = PBXBuildFile; fileRef = 6472047E3D71CC4F4B5DC5F4 /* libPods.a */; };
		FA192D4C1AF1AF7B00D6EE85 /* ProgramCell.m in Sources */ = {isa = PBXBuildFile; fileRef = FA192D4A1AF1AF7B00D6EE85 /* ProgramCell.m */; };
		FA192D4D1AF1AF7B00D6EE85 /* ProgramCell.xib in Resources */ = {isa = PBXBuildFile; fileRef = FA192D4B1AF1AF7B00D6EE85 /* ProgramCell.xib */; };
		FA1EB65F1B0515E300617B1B /* Saba.db in Resources */ = {isa = PBXBuildFile; fileRef = FA1EB65E1B0515E300617B1B /* Saba.db */; };
		FA4C92BF1AE9AD6700F439B7 /* SabaCell.m in Sources */ = {isa = PBXBuildFile; fileRef = FA4C92BD1AE9AD6700F439B7 /* SabaCell.m */; };
		FA4C92C01AE9AD6700F439B7 /* SabaCell.xib in Resources */ = {isa = PBXBuildFile; fileRef = FA4C92BE1AE9AD6700F439B7 /* SabaCell.xib */; };
		FA4C92C91AEC139E00F439B7 /* SabaClient.m in Sources */ = {isa = PBXBuildFile; fileRef = FA4C92C81AEC139E00F439B7 /* SabaClient.m */; };
		FA4C92CC1AEC459E00F439B7 /* Program.m in Sources */ = {isa = PBXBuildFile; fileRef = FA4C92CB1AEC459E00F439B7 /* Program.m */; };
		FA6A0B371B39751E002E8951 /* green-pin.png in Resources */ = {isa = PBXBuildFile; fileRef = FA6A0B361B39751E002E8951 /* green-pin.png */; };
		FA6A0B3B1B3C93C1002E8951 /* home-spash.jpg in Resources */ = {isa = PBXBuildFile; fileRef = FA6A0B3A1B3C93C1002E8951 /* home-spash.jpg */; };
		FA98DC171B16B09E00C6BE19 /* MapKit.framework in Frameworks */ = {isa = PBXBuildFile; fileRef = FA98DC161B16B09E00C6BE19 /* MapKit.framework */; };
		FA98DC1A1B17F3A700C6BE19 /* CustomAnnotation.m in Sources */ = {isa = PBXBuildFile; fileRef = FA98DC191B17F3A700C6BE19 /* CustomAnnotation.m */; };
		FA98DC221B1B99AB00C6BE19 /* icon-120.jpg in Resources */ = {isa = PBXBuildFile; fileRef = FA98DC1F1B1B99AB00C6BE19 /* icon-120.jpg */; };
		FA98DC231B1B99AB00C6BE19 /* icon-180.jpg in Resources */ = {isa = PBXBuildFile; fileRef = FA98DC201B1B99AB00C6BE19 /* icon-180.jpg */; };
		FA98DC241B1B99AB00C6BE19 /* icon-1024.jpg in Resources */ = {isa = PBXBuildFile; fileRef = FA98DC211B1B99AB00C6BE19 /* icon-1024.jpg */; };
		FA98DC281B1C1F5C00C6BE19 /* WeeklyProgramsCell.m in Sources */ = {isa = PBXBuildFile; fileRef = FA98DC261B1C1F5B00C6BE19 /* WeeklyProgramsCell.m */; };
		FA98DC291B1C1F5C00C6BE19 /* WeeklyProgramsCell.xib in Resources */ = {isa = PBXBuildFile; fileRef = FA98DC271B1C1F5B00C6BE19 /* WeeklyProgramsCell.xib */; };
		FAC191241B1532700071FB42 /* eventsAnnouncements.png in Resources */ = {isa = PBXBuildFile; fileRef = FAC1911F1B1532700071FB42 /* eventsAnnouncements.png */; };
		FAC191251B1532700071FB42 /* mainImage.png in Resources */ = {isa = PBXBuildFile; fileRef = FAC191201B1532700071FB42 /* mainImage.png */; };
		FAC191261B1532700071FB42 /* prayers1.png in Resources */ = {isa = PBXBuildFile; fileRef = FAC191211B1532700071FB42 /* prayers1.png */; };
		FAC191271B1532700071FB42 /* prayers2.png in Resources */ = {isa = PBXBuildFile; fileRef = FAC191221B1532700071FB42 /* prayers2.png */; };
		FAC191281B1532700071FB42 /* weeklyPrograms.png in Resources */ = {isa = PBXBuildFile; fileRef = FAC191231B1532700071FB42 /* weeklyPrograms.png */; };
		FAD19DAE1AFC784900308F4F /* DBManager.m in Sources */ = {isa = PBXBuildFile; fileRef = FAD19DAD1AFC784900308F4F /* DBManager.m */; };
		FADD45651AE8DE180022FE96 /* main.m in Sources */ = {isa = PBXBuildFile; fileRef = FADD45641AE8DE180022FE96 /* main.m */; };
		FADD45681AE8DE180022FE96 /* AppDelegate.m in Sources */ = {isa = PBXBuildFile; fileRef = FADD45671AE8DE180022FE96 /* AppDelegate.m */; };
		FADD45701AE8DE190022FE96 /* Images.xcassets in Resources */ = {isa = PBXBuildFile; fileRef = FADD456F1AE8DE190022FE96 /* Images.xcassets */; };
		FADD45731AE8DE190022FE96 /* LaunchScreen.xib in Resources */ = {isa = PBXBuildFile; fileRef = FADD45711AE8DE190022FE96 /* LaunchScreen.xib */; };
		FADD457F1AE8DE190022FE96 /* SabaAppTests.m in Sources */ = {isa = PBXBuildFile; fileRef = FADD457E1AE8DE190022FE96 /* SabaAppTests.m */; };
		FADD458C1AE8DED60022FE96 /* MainViewController.m in Sources */ = {isa = PBXBuildFile; fileRef = FADD458A1AE8DED60022FE96 /* MainViewController.m */; };
		FADD458D1AE8DED60022FE96 /* MainViewController.xib in Resources */ = {isa = PBXBuildFile; fileRef = FADD458B1AE8DED60022FE96 /* MainViewController.xib */; };
		FADD459D1AE8E1160022FE96 /* calendar.png in Resources */ = {isa = PBXBuildFile; fileRef = FADD45901AE8E1160022FE96 /* calendar.png */; };
		FADD459E1AE8E1160022FE96 /* dollar.png in Resources */ = {isa = PBXBuildFile; fileRef = FADD45911AE8E1160022FE96 /* dollar.png */; };
		FADD459F1AE8E1160022FE96 /* location.png in Resources */ = {isa = PBXBuildFile; fileRef = FADD45921AE8E1160022FE96 /* location.png */; };
		FADD45A01AE8E1160022FE96 /* megaphone.png in Resources */ = {isa = PBXBuildFile; fileRef = FADD45931AE8E1160022FE96 /* megaphone.png */; };
		FADD45A21AE8E1160022FE96 /* pray.png in Resources */ = {isa = PBXBuildFile; fileRef = FADD45951AE8E1160022FE96 /* pray.png */; };
		FADD45A31AE8E1160022FE96 /* settings.png in Resources */ = {isa = PBXBuildFile; fileRef = FADD45961AE8E1160022FE96 /* settings.png */; };
		FAEDFDFF1B3508FC00C276BD /* Friday.png in Resources */ = {isa = PBXBuildFile; fileRef = FAEDFDF81B3508FC00C276BD /* Friday.png */; };
		FAEDFE001B3508FC00C276BD /* Monday.png in Resources */ = {isa = PBXBuildFile; fileRef = FAEDFDF91B3508FC00C276BD /* Monday.png */; };
		FAEDFE011B3508FC00C276BD /* Saturday.png in Resources */ = {isa = PBXBuildFile; fileRef = FAEDFDFA1B3508FC00C276BD /* Saturday.png */; };
		FAEDFE021B3508FC00C276BD /* Sunday.png in Resources */ = {isa = PBXBuildFile; fileRef = FAEDFDFB1B3508FC00C276BD /* Sunday.png */; };
		FAEDFE031B3508FC00C276BD /* Thursday.png in Resources */ = {isa = PBXBuildFile; fileRef = FAEDFDFC1B3508FC00C276BD /* Thursday.png */; };
		FAEDFE041B3508FC00C276BD /* Tuesday.png in Resources */ = {isa = PBXBuildFile; fileRef = FAEDFDFD1B3508FC00C276BD /* Tuesday.png */; };
		FAEDFE051B3508FC00C276BD /* Wednesday.png in Resources */ = {isa = PBXBuildFile; fileRef = FAEDFDFE1B3508FC00C276BD /* Wednesday.png */; };
		FAEE9DE21AEDEDC5004059B8 /* WeeklyScheduleViewController.m in Sources */ = {isa = PBXBuildFile; fileRef = FAEE9DE01AEDEDC5004059B8 /* WeeklyScheduleViewController.m */; };
		FAEE9DE31AEDEDC5004059B8 /* WeeklyScheduleViewController.xib in Resources */ = {isa = PBXBuildFile; fileRef = FAEE9DE11AEDEDC5004059B8 /* WeeklyScheduleViewController.xib */; };
		FAEE9DE71AEDEDDE004059B8 /* EventsViewController.m in Sources */ = {isa = PBXBuildFile; fileRef = FAEE9DE51AEDEDDE004059B8 /* EventsViewController.m */; };
		FAEE9DE81AEDEDDE004059B8 /* EventsViewController.xib in Resources */ = {isa = PBXBuildFile; fileRef = FAEE9DE61AEDEDDE004059B8 /* EventsViewController.xib */; };
		FAEE9DEC1AEDEE15004059B8 /* PrayerTimesViewController.m in Sources */ = {isa = PBXBuildFile; fileRef = FAEE9DEA1AEDEE15004059B8 /* PrayerTimesViewController.m */; };
		FAEE9DED1AEDEE15004059B8 /* PrayerTimesViewController.xib in Resources */ = {isa = PBXBuildFile; fileRef = FAEE9DEB1AEDEE15004059B8 /* PrayerTimesViewController.xib */; };
		FAEE9DF61AEDF0BE004059B8 /* ContactViewController.m in Sources */ = {isa = PBXBuildFile; fileRef = FAEE9DF41AEDF0BE004059B8 /* ContactViewController.m */; };
		FAEE9DF71AEDF0BE004059B8 /* ContactViewController.xib in Resources */ = {isa = PBXBuildFile; fileRef = FAEE9DF51AEDF0BE004059B8 /* ContactViewController.xib */; };
		FAEE9E011AEE20C1004059B8 /* SettingsViewController.m in Sources */ = {isa = PBXBuildFile; fileRef = FAEE9DFF1AEE20C1004059B8 /* SettingsViewController.m */; };
		FAEE9E021AEE20C1004059B8 /* SettingsViewController.xib in Resources */ = {isa = PBXBuildFile; fileRef = FAEE9E001AEE20C1004059B8 /* SettingsViewController.xib */; };
		FAEE9E061AEE20DB004059B8 /* DonationViewController.m in Sources */ = {isa = PBXBuildFile; fileRef = FAEE9E041AEE20DB004059B8 /* DonationViewController.m */; };
		FAEE9E071AEE20DB004059B8 /* DonationViewController.xib in Resources */ = {isa = PBXBuildFile; fileRef = FAEE9E051AEE20DB004059B8 /* DonationViewController.xib */; };
		FAEE9E0C1AEFE888004059B8 /* DailyProgram.m in Sources */ = {isa = PBXBuildFile; fileRef = FAEE9E0B1AEFE888004059B8 /* DailyProgram.m */; };
		FAEE9E0F1AEFE926004059B8 /* WeeklyPrograms.m in Sources */ = {isa = PBXBuildFile; fileRef = FAEE9E0E1AEFE926004059B8 /* WeeklyPrograms.m */; };
		FAF082A81B0961A7007C60F6 /* PrayerTimes.m in Sources */ = {isa = PBXBuildFile; fileRef = FAF082A71B0961A7007C60F6 /* PrayerTimes.m */; };
		FAF9A4471AF6267F002ECA29 /* DailyProgramViewController.m in Sources */ = {isa = PBXBuildFile; fileRef = FAF9A4451AF6267F002ECA29 /* DailyProgramViewController.m */; };
		FAF9A4481AF6267F002ECA29 /* DailyProgramViewController.xib in Resources */ = {isa = PBXBuildFile; fileRef = FAF9A4461AF6267F002ECA29 /* DailyProgramViewController.xib */; };
		FAF9A44C1AF627DE002ECA29 /* DailyProgramCell.m in Sources */ = {isa = PBXBuildFile; fileRef = FAF9A44A1AF627DE002ECA29 /* DailyProgramCell.m */; };
		FAF9A44D1AF627DE002ECA29 /* DailyProgramCell.xib in Resources */ = {isa = PBXBuildFile; fileRef = FAF9A44B1AF627DE002ECA29 /* DailyProgramCell.xib */; };
		FAF9A4571AF73C9E002ECA29 /* ProgramDetailViewController.m in Sources */ = {isa = PBXBuildFile; fileRef = FAF9A4551AF73C9E002ECA29 /* ProgramDetailViewController.m */; };
		FAF9A4581AF73C9E002ECA29 /* ProgramDetailViewController.xib in Resources */ = {isa = PBXBuildFile; fileRef = FAF9A4561AF73C9E002ECA29 /* ProgramDetailViewController.xib */; };
/* End PBXBuildFile section */

/* Begin PBXContainerItemProxy section */
		FADD45791AE8DE190022FE96 /* PBXContainerItemProxy */ = {
			isa = PBXContainerItemProxy;
			containerPortal = FADD45571AE8DE180022FE96 /* Project object */;
			proxyType = 1;
			remoteGlobalIDString = FADD455E1AE8DE180022FE96;
			remoteInfo = SabaApp;
		};
/* End PBXContainerItemProxy section */

/* Begin PBXFileReference section */
		063D403729EB442D45B488BD /* Pods.release.xcconfig */ = {isa = PBXFileReference; includeInIndex = 1; lastKnownFileType = text.xcconfig; name = Pods.release.xcconfig; path = "Pods/Target Support Files/Pods/Pods.release.xcconfig"; sourceTree = "<group>"; };
		6472047E3D71CC4F4B5DC5F4 /* libPods.a */ = {isa = PBXFileReference; explicitFileType = archive.ar; includeInIndex = 0; path = libPods.a; sourceTree = BUILT_PRODUCTS_DIR; };
		AC3F67798D45D760C6C33728 /* Pods.debug.xcconfig */ = {isa = PBXFileReference; includeInIndex = 1; lastKnownFileType = text.xcconfig; name = Pods.debug.xcconfig; path = "Pods/Target Support Files/Pods/Pods.debug.xcconfig"; sourceTree = "<group>"; };
		FA192D491AF1AF7B00D6EE85 /* ProgramCell.h */ = {isa = PBXFileReference; fileEncoding = 4; lastKnownFileType = sourcecode.c.h; path = ProgramCell.h; sourceTree = "<group>"; };
		FA192D4A1AF1AF7B00D6EE85 /* ProgramCell.m */ = {isa = PBXFileReference; fileEncoding = 4; lastKnownFileType = sourcecode.c.objc; path = ProgramCell.m; sourceTree = "<group>"; };
		FA192D4B1AF1AF7B00D6EE85 /* ProgramCell.xib */ = {isa = PBXFileReference; fileEncoding = 4; lastKnownFileType = file.xib; path = ProgramCell.xib; sourceTree = "<group>"; };
		FA1EB65E1B0515E300617B1B /* Saba.db */ = {isa = PBXFileReference; lastKnownFileType = file; name = Saba.db; path = SabaApp/Saba.db; sourceTree = "<group>"; };
		FA4C92BC1AE9AD6700F439B7 /* SabaCell.h */ = {isa = PBXFileReference; fileEncoding = 4; lastKnownFileType = sourcecode.c.h; path = SabaCell.h; sourceTree = "<group>"; };
		FA4C92BD1AE9AD6700F439B7 /* SabaCell.m */ = {isa = PBXFileReference; fileEncoding = 4; lastKnownFileType = sourcecode.c.objc; path = SabaCell.m; sourceTree = "<group>"; };
		FA4C92BE1AE9AD6700F439B7 /* SabaCell.xib */ = {isa = PBXFileReference; fileEncoding = 4; lastKnownFileType = file.xib; path = SabaCell.xib; sourceTree = "<group>"; };
		FA4C92C71AEC139E00F439B7 /* SabaClient.h */ = {isa = PBXFileReference; fileEncoding = 4; lastKnownFileType = sourcecode.c.h; path = SabaClient.h; sourceTree = "<group>"; };
		FA4C92C81AEC139E00F439B7 /* SabaClient.m */ = {isa = PBXFileReference; fileEncoding = 4; lastKnownFileType = sourcecode.c.objc; path = SabaClient.m; sourceTree = "<group>"; };
		FA4C92CA1AEC459E00F439B7 /* Program.h */ = {isa = PBXFileReference; fileEncoding = 4; lastKnownFileType = sourcecode.c.h; path = Program.h; sourceTree = "<group>"; };
		FA4C92CB1AEC459E00F439B7 /* Program.m */ = {isa = PBXFileReference; fileEncoding = 4; lastKnownFileType = sourcecode.c.objc; path = Program.m; sourceTree = "<group>"; };
		FA6A0B361B39751E002E8951 /* green-pin.png */ = {isa = PBXFileReference; lastKnownFileType = image.png; name = "green-pin.png"; path = "SabaApp/green-pin.png"; sourceTree = "<group>"; };
		FA6A0B3A1B3C93C1002E8951 /* home-spash.jpg */ = {isa = PBXFileReference; lastKnownFileType = image.jpeg; path = "home-spash.jpg"; sourceTree = "<group>"; };
		FA98DC161B16B09E00C6BE19 /* MapKit.framework */ = {isa = PBXFileReference; lastKnownFileType = wrapper.framework; name = MapKit.framework; path = System/Library/Frameworks/MapKit.framework; sourceTree = SDKROOT; };
		FA98DC181B17F3A700C6BE19 /* CustomAnnotation.h */ = {isa = PBXFileReference; fileEncoding = 4; lastKnownFileType = sourcecode.c.h; path = CustomAnnotation.h; sourceTree = "<group>"; };
		FA98DC191B17F3A700C6BE19 /* CustomAnnotation.m */ = {isa = PBXFileReference; fileEncoding = 4; lastKnownFileType = sourcecode.c.objc; path = CustomAnnotation.m; sourceTree = "<group>"; };
		FA98DC1F1B1B99AB00C6BE19 /* icon-120.jpg */ = {isa = PBXFileReference; lastKnownFileType = image.jpeg; path = "icon-120.jpg"; sourceTree = "<group>"; };
		FA98DC201B1B99AB00C6BE19 /* icon-180.jpg */ = {isa = PBXFileReference; lastKnownFileType = image.jpeg; path = "icon-180.jpg"; sourceTree = "<group>"; };
		FA98DC211B1B99AB00C6BE19 /* icon-1024.jpg */ = {isa = PBXFileReference; lastKnownFileType = image.jpeg; path = "icon-1024.jpg"; sourceTree = "<group>"; };
		FA98DC251B1C1F5B00C6BE19 /* WeeklyProgramsCell.h */ = {isa = PBXFileReference; fileEncoding = 4; lastKnownFileType = sourcecode.c.h; path = WeeklyProgramsCell.h; sourceTree = "<group>"; };
		FA98DC261B1C1F5B00C6BE19 /* WeeklyProgramsCell.m */ = {isa = PBXFileReference; fileEncoding = 4; lastKnownFileType = sourcecode.c.objc; path = WeeklyProgramsCell.m; sourceTree = "<group>"; };
		FA98DC271B1C1F5B00C6BE19 /* WeeklyProgramsCell.xib */ = {isa = PBXFileReference; fileEncoding = 4; lastKnownFileType = file.xib; path = WeeklyProgramsCell.xib; sourceTree = "<group>"; };
		FAC1911F1B1532700071FB42 /* eventsAnnouncements.png */ = {isa = PBXFileReference; lastKnownFileType = image.png; path = eventsAnnouncements.png; sourceTree = "<group>"; };
		FAC191201B1532700071FB42 /* mainImage.png */ = {isa = PBXFileReference; lastKnownFileType = image.png; path = mainImage.png; sourceTree = "<group>"; };
		FAC191211B1532700071FB42 /* prayers1.png */ = {isa = PBXFileReference; lastKnownFileType = image.png; path = prayers1.png; sourceTree = "<group>"; };
		FAC191221B1532700071FB42 /* prayers2.png */ = {isa = PBXFileReference; lastKnownFileType = image.png; path = prayers2.png; sourceTree = "<group>"; };
		FAC191231B1532700071FB42 /* weeklyPrograms.png */ = {isa = PBXFileReference; lastKnownFileType = image.png; path = weeklyPrograms.png; sourceTree = "<group>"; };
		FAD19DAC1AFC784900308F4F /* DBManager.h */ = {isa = PBXFileReference; fileEncoding = 4; lastKnownFileType = sourcecode.c.h; path = DBManager.h; sourceTree = "<group>"; };
		FAD19DAD1AFC784900308F4F /* DBManager.m */ = {isa = PBXFileReference; fileEncoding = 4; lastKnownFileType = sourcecode.c.objc; path = DBManager.m; sourceTree = "<group>"; };
		FADD455F1AE8DE180022FE96 /* Saba.app */ = {isa = PBXFileReference; explicitFileType = wrapper.application; includeInIndex = 0; path = Saba.app; sourceTree = BUILT_PRODUCTS_DIR; };
		FADD45631AE8DE180022FE96 /* Info.plist */ = {isa = PBXFileReference; lastKnownFileType = text.plist.xml; path = Info.plist; sourceTree = "<group>"; };
		FADD45641AE8DE180022FE96 /* main.m */ = {isa = PBXFileReference; lastKnownFileType = sourcecode.c.objc; path = main.m; sourceTree = "<group>"; };
		FADD45661AE8DE180022FE96 /* AppDelegate.h */ = {isa = PBXFileReference; lastKnownFileType = sourcecode.c.h; path = AppDelegate.h; sourceTree = "<group>"; };
		FADD45671AE8DE180022FE96 /* AppDelegate.m */ = {isa = PBXFileReference; lastKnownFileType = sourcecode.c.objc; path = AppDelegate.m; sourceTree = "<group>"; };
		FADD456F1AE8DE190022FE96 /* Images.xcassets */ = {isa = PBXFileReference; lastKnownFileType = folder.assetcatalog; path = Images.xcassets; sourceTree = "<group>"; };
		FADD45721AE8DE190022FE96 /* Base */ = {isa = PBXFileReference; lastKnownFileType = file.xib; name = Base; path = Base.lproj/LaunchScreen.xib; sourceTree = "<group>"; };
		FADD45781AE8DE190022FE96 /* SabaAppTests.xctest */ = {isa = PBXFileReference; explicitFileType = wrapper.cfbundle; includeInIndex = 0; path = SabaAppTests.xctest; sourceTree = BUILT_PRODUCTS_DIR; };
		FADD457D1AE8DE190022FE96 /* Info.plist */ = {isa = PBXFileReference; lastKnownFileType = text.plist.xml; path = Info.plist; sourceTree = "<group>"; };
		FADD457E1AE8DE190022FE96 /* SabaAppTests.m */ = {isa = PBXFileReference; lastKnownFileType = sourcecode.c.objc; path = SabaAppTests.m; sourceTree = "<group>"; };
		FADD45891AE8DED60022FE96 /* MainViewController.h */ = {isa = PBXFileReference; fileEncoding = 4; lastKnownFileType = sourcecode.c.h; path = MainViewController.h; sourceTree = "<group>"; };
		FADD458A1AE8DED60022FE96 /* MainViewController.m */ = {isa = PBXFileReference; fileEncoding = 4; lastKnownFileType = sourcecode.c.objc; path = MainViewController.m; sourceTree = "<group>"; };
		FADD458B1AE8DED60022FE96 /* MainViewController.xib */ = {isa = PBXFileReference; fileEncoding = 4; lastKnownFileType = file.xib; path = MainViewController.xib; sourceTree = "<group>"; };
		FADD45901AE8E1160022FE96 /* calendar.png */ = {isa = PBXFileReference; lastKnownFileType = image.png; path = calendar.png; sourceTree = "<group>"; };
		FADD45911AE8E1160022FE96 /* dollar.png */ = {isa = PBXFileReference; lastKnownFileType = image.png; path = dollar.png; sourceTree = "<group>"; };
		FADD45921AE8E1160022FE96 /* location.png */ = {isa = PBXFileReference; lastKnownFileType = image.png; path = location.png; sourceTree = "<group>"; };
		FADD45931AE8E1160022FE96 /* megaphone.png */ = {isa = PBXFileReference; lastKnownFileType = image.png; path = megaphone.png; sourceTree = "<group>"; };
		FADD45951AE8E1160022FE96 /* pray.png */ = {isa = PBXFileReference; lastKnownFileType = image.png; path = pray.png; sourceTree = "<group>"; };
		FADD45961AE8E1160022FE96 /* settings.png */ = {isa = PBXFileReference; lastKnownFileType = image.png; path = settings.png; sourceTree = "<group>"; };
		FAEDFDF81B3508FC00C276BD /* Friday.png */ = {isa = PBXFileReference; lastKnownFileType = image.png; name = Friday.png; path = SabaApp/Friday.png; sourceTree = "<group>"; };
		FAEDFDF91B3508FC00C276BD /* Monday.png */ = {isa = PBXFileReference; lastKnownFileType = image.png; name = Monday.png; path = SabaApp/Monday.png; sourceTree = "<group>"; };
		FAEDFDFA1B3508FC00C276BD /* Saturday.png */ = {isa = PBXFileReference; lastKnownFileType = image.png; name = Saturday.png; path = SabaApp/Saturday.png; sourceTree = "<group>"; };
		FAEDFDFB1B3508FC00C276BD /* Sunday.png */ = {isa = PBXFileReference; lastKnownFileType = image.png; name = Sunday.png; path = SabaApp/Sunday.png; sourceTree = "<group>"; };
		FAEDFDFC1B3508FC00C276BD /* Thursday.png */ = {isa = PBXFileReference; lastKnownFileType = image.png; name = Thursday.png; path = SabaApp/Thursday.png; sourceTree = "<group>"; };
		FAEDFDFD1B3508FC00C276BD /* Tuesday.png */ = {isa = PBXFileReference; lastKnownFileType = image.png; name = Tuesday.png; path = SabaApp/Tuesday.png; sourceTree = "<group>"; };
		FAEDFDFE1B3508FC00C276BD /* Wednesday.png */ = {isa = PBXFileReference; lastKnownFileType = image.png; name = Wednesday.png; path = SabaApp/Wednesday.png; sourceTree = "<group>"; };
		FAEE9DDF1AEDEDC5004059B8 /* WeeklyScheduleViewController.h */ = {isa = PBXFileReference; fileEncoding = 4; lastKnownFileType = sourcecode.c.h; path = WeeklyScheduleViewController.h; sourceTree = "<group>"; };
		FAEE9DE01AEDEDC5004059B8 /* WeeklyScheduleViewController.m */ = {isa = PBXFileReference; fileEncoding = 4; lastKnownFileType = sourcecode.c.objc; path = WeeklyScheduleViewController.m; sourceTree = "<group>"; };
		FAEE9DE11AEDEDC5004059B8 /* WeeklyScheduleViewController.xib */ = {isa = PBXFileReference; fileEncoding = 4; lastKnownFileType = file.xib; path = WeeklyScheduleViewController.xib; sourceTree = "<group>"; };
		FAEE9DE41AEDEDDE004059B8 /* EventsViewController.h */ = {isa = PBXFileReference; fileEncoding = 4; lastKnownFileType = sourcecode.c.h; path = EventsViewController.h; sourceTree = "<group>"; };
		FAEE9DE51AEDEDDE004059B8 /* EventsViewController.m */ = {isa = PBXFileReference; fileEncoding = 4; lastKnownFileType = sourcecode.c.objc; path = EventsViewController.m; sourceTree = "<group>"; };
		FAEE9DE61AEDEDDE004059B8 /* EventsViewController.xib */ = {isa = PBXFileReference; fileEncoding = 4; lastKnownFileType = file.xib; path = EventsViewController.xib; sourceTree = "<group>"; };
		FAEE9DE91AEDEE15004059B8 /* PrayerTimesViewController.h */ = {isa = PBXFileReference; fileEncoding = 4; lastKnownFileType = sourcecode.c.h; path = PrayerTimesViewController.h; sourceTree = "<group>"; };
		FAEE9DEA1AEDEE15004059B8 /* PrayerTimesViewController.m */ = {isa = PBXFileReference; fileEncoding = 4; lastKnownFileType = sourcecode.c.objc; path = PrayerTimesViewController.m; sourceTree = "<group>"; wrapsLines = 0; };
		FAEE9DEB1AEDEE15004059B8 /* PrayerTimesViewController.xib */ = {isa = PBXFileReference; fileEncoding = 4; lastKnownFileType = file.xib; path = PrayerTimesViewController.xib; sourceTree = "<group>"; };
		FAEE9DF31AEDF0BE004059B8 /* ContactViewController.h */ = {isa = PBXFileReference; fileEncoding = 4; lastKnownFileType = sourcecode.c.h; path = ContactViewController.h; sourceTree = "<group>"; };
		FAEE9DF41AEDF0BE004059B8 /* ContactViewController.m */ = {isa = PBXFileReference; fileEncoding = 4; lastKnownFileType = sourcecode.c.objc; path = ContactViewController.m; sourceTree = "<group>"; };
		FAEE9DF51AEDF0BE004059B8 /* ContactViewController.xib */ = {isa = PBXFileReference; fileEncoding = 4; lastKnownFileType = file.xib; path = ContactViewController.xib; sourceTree = "<group>"; };
		FAEE9DFE1AEE20C1004059B8 /* SettingsViewController.h */ = {isa = PBXFileReference; fileEncoding = 4; lastKnownFileType = sourcecode.c.h; path = SettingsViewController.h; sourceTree = "<group>"; };
		FAEE9DFF1AEE20C1004059B8 /* SettingsViewController.m */ = {isa = PBXFileReference; fileEncoding = 4; lastKnownFileType = sourcecode.c.objc; path = SettingsViewController.m; sourceTree = "<group>"; };
		FAEE9E001AEE20C1004059B8 /* SettingsViewController.xib */ = {isa = PBXFileReference; fileEncoding = 4; lastKnownFileType = file.xib; path = SettingsViewController.xib; sourceTree = "<group>"; };
		FAEE9E031AEE20DB004059B8 /* DonationViewController.h */ = {isa = PBXFileReference; fileEncoding = 4; lastKnownFileType = sourcecode.c.h; path = DonationViewController.h; sourceTree = "<group>"; };
		FAEE9E041AEE20DB004059B8 /* DonationViewController.m */ = {isa = PBXFileReference; fileEncoding = 4; lastKnownFileType = sourcecode.c.objc; path = DonationViewController.m; sourceTree = "<group>"; };
		FAEE9E051AEE20DB004059B8 /* DonationViewController.xib */ = {isa = PBXFileReference; fileEncoding = 4; lastKnownFileType = file.xib; path = DonationViewController.xib; sourceTree = "<group>"; };
		FAEE9E0A1AEFE888004059B8 /* DailyProgram.h */ = {isa = PBXFileReference; fileEncoding = 4; lastKnownFileType = sourcecode.c.h; path = DailyProgram.h; sourceTree = "<group>"; };
		FAEE9E0B1AEFE888004059B8 /* DailyProgram.m */ = {isa = PBXFileReference; fileEncoding = 4; lastKnownFileType = sourcecode.c.objc; path = DailyProgram.m; sourceTree = "<group>"; };
		FAEE9E0D1AEFE926004059B8 /* WeeklyPrograms.h */ = {isa = PBXFileReference; fileEncoding = 4; lastKnownFileType = sourcecode.c.h; path = WeeklyPrograms.h; sourceTree = "<group>"; };
		FAEE9E0E1AEFE926004059B8 /* WeeklyPrograms.m */ = {isa = PBXFileReference; fileEncoding = 4; lastKnownFileType = sourcecode.c.objc; path = WeeklyPrograms.m; sourceTree = "<group>"; };
		FAF082A61B0961A7007C60F6 /* PrayerTimes.h */ = {isa = PBXFileReference; fileEncoding = 4; lastKnownFileType = sourcecode.c.h; path = PrayerTimes.h; sourceTree = "<group>"; };
		FAF082A71B0961A7007C60F6 /* PrayerTimes.m */ = {isa = PBXFileReference; fileEncoding = 4; lastKnownFileType = sourcecode.c.objc; path = PrayerTimes.m; sourceTree = "<group>"; };
		FAF9A4441AF6267F002ECA29 /* DailyProgramViewController.h */ = {isa = PBXFileReference; fileEncoding = 4; lastKnownFileType = sourcecode.c.h; path = DailyProgramViewController.h; sourceTree = "<group>"; };
		FAF9A4451AF6267F002ECA29 /* DailyProgramViewController.m */ = {isa = PBXFileReference; fileEncoding = 4; lastKnownFileType = sourcecode.c.objc; path = DailyProgramViewController.m; sourceTree = "<group>"; };
		FAF9A4461AF6267F002ECA29 /* DailyProgramViewController.xib */ = {isa = PBXFileReference; fileEncoding = 4; lastKnownFileType = file.xib; path = DailyProgramViewController.xib; sourceTree = "<group>"; };
		FAF9A4491AF627DE002ECA29 /* DailyProgramCell.h */ = {isa = PBXFileReference; fileEncoding = 4; lastKnownFileType = sourcecode.c.h; path = DailyProgramCell.h; sourceTree = "<group>"; };
		FAF9A44A1AF627DE002ECA29 /* DailyProgramCell.m */ = {isa = PBXFileReference; fileEncoding = 4; lastKnownFileType = sourcecode.c.objc; path = DailyProgramCell.m; sourceTree = "<group>"; };
		FAF9A44B1AF627DE002ECA29 /* DailyProgramCell.xib */ = {isa = PBXFileReference; fileEncoding = 4; lastKnownFileType = file.xib; path = DailyProgramCell.xib; sourceTree = "<group>"; };
		FAF9A4541AF73C9E002ECA29 /* ProgramDetailViewController.h */ = {isa = PBXFileReference; fileEncoding = 4; lastKnownFileType = sourcecode.c.h; path = ProgramDetailViewController.h; sourceTree = "<group>"; };
		FAF9A4551AF73C9E002ECA29 /* ProgramDetailViewController.m */ = {isa = PBXFileReference; fileEncoding = 4; lastKnownFileType = sourcecode.c.objc; path = ProgramDetailViewController.m; sourceTree = "<group>"; };
		FAF9A4561AF73C9E002ECA29 /* ProgramDetailViewController.xib */ = {isa = PBXFileReference; fileEncoding = 4; lastKnownFileType = file.xib; path = ProgramDetailViewController.xib; sourceTree = "<group>"; };
/* End PBXFileReference section */

/* Begin PBXFrameworksBuildPhase section */
		FADD455C1AE8DE180022FE96 /* Frameworks */ = {
			isa = PBXFrameworksBuildPhase;
			buildActionMask = 2147483647;
			files = (
				FA98DC171B16B09E00C6BE19 /* MapKit.framework in Frameworks */,
				40249B726AD9F56E4FC5BC04 /* libPods.a in Frameworks */,
			);
			runOnlyForDeploymentPostprocessing = 0;
		};
		FADD45751AE8DE190022FE96 /* Frameworks */ = {
			isa = PBXFrameworksBuildPhase;
			buildActionMask = 2147483647;
			files = (
			);
			runOnlyForDeploymentPostprocessing = 0;
		};
/* End PBXFrameworksBuildPhase section */

/* Begin PBXGroup section */
		12A780B06161277FE9F4F949 /* Pods */ = {
			isa = PBXGroup;
			children = (
				AC3F67798D45D760C6C33728 /* Pods.debug.xcconfig */,
				063D403729EB442D45B488BD /* Pods.release.xcconfig */,
			);
			name = Pods;
			sourceTree = "<group>";
		};
		62606E792295D5246B69CECD /* Frameworks */ = {
			isa = PBXGroup;
			children = (
				FA98DC161B16B09E00C6BE19 /* MapKit.framework */,
				6472047E3D71CC4F4B5DC5F4 /* libPods.a */,
			);
			name = Frameworks;
			sourceTree = "<group>";
		};
		FA4C92BB1AE9AD0A00F439B7 /* Cells */ = {
			isa = PBXGroup;
			children = (
				FA4C92BC1AE9AD6700F439B7 /* SabaCell.h */,
				FA4C92BD1AE9AD6700F439B7 /* SabaCell.m */,
				FA4C92BE1AE9AD6700F439B7 /* SabaCell.xib */,
				FA192D491AF1AF7B00D6EE85 /* ProgramCell.h */,
				FA192D4A1AF1AF7B00D6EE85 /* ProgramCell.m */,
				FA192D4B1AF1AF7B00D6EE85 /* ProgramCell.xib */,
				FAF9A4491AF627DE002ECA29 /* DailyProgramCell.h */,
				FAF9A44A1AF627DE002ECA29 /* DailyProgramCell.m */,
				FAF9A44B1AF627DE002ECA29 /* DailyProgramCell.xib */,
				FA98DC251B1C1F5B00C6BE19 /* WeeklyProgramsCell.h */,
				FA98DC261B1C1F5B00C6BE19 /* WeeklyProgramsCell.m */,
				FA98DC271B1C1F5B00C6BE19 /* WeeklyProgramsCell.xib */,
			);
			name = Cells;
			sourceTree = "<group>";
		};
		FA4C92C11AEC0E5400F439B7 /* Client */ = {
			isa = PBXGroup;
			children = (
				FA4C92C71AEC139E00F439B7 /* SabaClient.h */,
				FA4C92C81AEC139E00F439B7 /* SabaClient.m */,
			);
			name = Client;
			sourceTree = "<group>";
		};
		FA4C92C21AEC0E6700F439B7 /* Models */ = {
			isa = PBXGroup;
			children = (
				FAEE9E101AEFEC4B004059B8 /* Helper */,
				FA4C92CA1AEC459E00F439B7 /* Program.h */,
				FA4C92CB1AEC459E00F439B7 /* Program.m */,
				FAEE9E0A1AEFE888004059B8 /* DailyProgram.h */,
				FAEE9E0B1AEFE888004059B8 /* DailyProgram.m */,
				FAF082A61B0961A7007C60F6 /* PrayerTimes.h */,
				FAF082A71B0961A7007C60F6 /* PrayerTimes.m */,
			);
			name = Models;
			sourceTree = "<group>";
		};
		FA4C92C31AEC0F6500F439B7 /* Database */ = {
			isa = PBXGroup;
			children = (
			);
			name = Database;
			sourceTree = "<group>";
		};
		FAD19DAB1AFC781700308F4F /* Database */ = {
			isa = PBXGroup;
			children = (
				FAD19DAC1AFC784900308F4F /* DBManager.h */,
				FAD19DAD1AFC784900308F4F /* DBManager.m */,
			);
			name = Database;
			sourceTree = "<group>";
		};
		FADD45561AE8DE180022FE96 = {
			isa = PBXGroup;
			children = (
				FA1EB65E1B0515E300617B1B /* Saba.db */,
				FADD45611AE8DE180022FE96 /* SabaApp */,
				FADD457B1AE8DE190022FE96 /* SabaAppTests */,
				FADD45601AE8DE180022FE96 /* Products */,
				12A780B06161277FE9F4F949 /* Pods */,
				62606E792295D5246B69CECD /* Frameworks */,
			);
			sourceTree = "<group>";
		};
		FADD45601AE8DE180022FE96 /* Products */ = {
			isa = PBXGroup;
			children = (
				FADD455F1AE8DE180022FE96 /* Saba.app */,
				FADD45781AE8DE190022FE96 /* SabaAppTests.xctest */,
			);
			name = Products;
			sourceTree = "<group>";
		};
		FADD45611AE8DE180022FE96 /* SabaApp */ = {
			isa = PBXGroup;
			children = (
				FAD19DAB1AFC781700308F4F /* Database */,
				FAEE9DD91AEC9F3C004059B8 /* Views */,
				FA4C92C21AEC0E6700F439B7 /* Models */,
				FA4C92C11AEC0E5400F439B7 /* Client */,
				FA4C92BB1AE9AD0A00F439B7 /* Cells */,
				FADD45881AE8DE8F0022FE96 /* ViewControllers */,
				FADD45661AE8DE180022FE96 /* AppDelegate.h */,
				FADD45671AE8DE180022FE96 /* AppDelegate.m */,
				FADD456F1AE8DE190022FE96 /* Images.xcassets */,
				FADD45711AE8DE190022FE96 /* LaunchScreen.xib */,
				FADD45621AE8DE180022FE96 /* Supporting Files */,
			);
			path = SabaApp;
			sourceTree = "<group>";
		};
		FADD45621AE8DE180022FE96 /* Supporting Files */ = {
			isa = PBXGroup;
			children = (
				FA4C92C31AEC0F6500F439B7 /* Database */,
				FADD458E1AE8E1040022FE96 /* Images */,
				FADD45631AE8DE180022FE96 /* Info.plist */,
				FADD45641AE8DE180022FE96 /* main.m */,
			);
			name = "Supporting Files";
			sourceTree = "<group>";
		};
		FADD457B1AE8DE190022FE96 /* SabaAppTests */ = {
			isa = PBXGroup;
			children = (
				FADD457E1AE8DE190022FE96 /* SabaAppTests.m */,
				FADD457C1AE8DE190022FE96 /* Supporting Files */,
			);
			path = SabaAppTests;
			sourceTree = "<group>";
		};
		FADD457C1AE8DE190022FE96 /* Supporting Files */ = {
			isa = PBXGroup;
			children = (
				FADD457D1AE8DE190022FE96 /* Info.plist */,
			);
			name = "Supporting Files";
			sourceTree = "<group>";
		};
		FADD45881AE8DE8F0022FE96 /* ViewControllers */ = {
			isa = PBXGroup;
			children = (
				FAF9A4531AF73C69002ECA29 /* ProgramDetail */,
				FAF9A4431AF62649002ECA29 /* DailySchedule */,
				FAEE9DFD1AEE20A5004059B8 /* Donations */,
				FAEE9DFC1AEE2090004059B8 /* Settings */,
				FAEE9DFB1AEE1FA2004059B8 /* Contact and Directions */,
				FAEE9DF91AEE1F74004059B8 /* Events and Announcements */,
				FAEE9DF81AEE1F53004059B8 /* WeeklySchedule */,
				FAEE9DFA1AEE1F91004059B8 /* PrayerTimes */,
				FADD45891AE8DED60022FE96 /* MainViewController.h */,
				FADD458A1AE8DED60022FE96 /* MainViewController.m */,
				FADD458B1AE8DED60022FE96 /* MainViewController.xib */,
			);
			name = ViewControllers;
			sourceTree = "<group>";
		};
		FADD458E1AE8E1040022FE96 /* Images */ = {
			isa = PBXGroup;
			children = (
				FA6A0B3A1B3C93C1002E8951 /* home-spash.jpg */,
				FA6A0B361B39751E002E8951 /* green-pin.png */,
				FAEDFDF81B3508FC00C276BD /* Friday.png */,
				FAEDFDF91B3508FC00C276BD /* Monday.png */,
				FAEDFDFA1B3508FC00C276BD /* Saturday.png */,
				FAEDFDFB1B3508FC00C276BD /* Sunday.png */,
				FAEDFDFC1B3508FC00C276BD /* Thursday.png */,
				FAEDFDFD1B3508FC00C276BD /* Tuesday.png */,
				FAEDFDFE1B3508FC00C276BD /* Wednesday.png */,
				FA98DC1F1B1B99AB00C6BE19 /* icon-120.jpg */,
				FA98DC201B1B99AB00C6BE19 /* icon-180.jpg */,
				FA98DC211B1B99AB00C6BE19 /* icon-1024.jpg */,
				FAC1911F1B1532700071FB42 /* eventsAnnouncements.png */,
				FAC191201B1532700071FB42 /* mainImage.png */,
				FAC191211B1532700071FB42 /* prayers1.png */,
				FAC191221B1532700071FB42 /* prayers2.png */,
				FAC191231B1532700071FB42 /* weeklyPrograms.png */,
				FADD45901AE8E1160022FE96 /* calendar.png */,
				FADD45911AE8E1160022FE96 /* dollar.png */,
				FADD45921AE8E1160022FE96 /* location.png */,
				FADD45931AE8E1160022FE96 /* megaphone.png */,
				FADD45951AE8E1160022FE96 /* pray.png */,
				FADD45961AE8E1160022FE96 /* settings.png */,
			);
			name = Images;
			path = ..;
			sourceTree = "<group>";
		};
		FAEE9DD91AEC9F3C004059B8 /* Views */ = {
			isa = PBXGroup;
			children = (
			);
			name = Views;
			sourceTree = "<group>";
		};
		FAEE9DF81AEE1F53004059B8 /* WeeklySchedule */ = {
			isa = PBXGroup;
			children = (
				FAEE9DDF1AEDEDC5004059B8 /* WeeklyScheduleViewController.h */,
				FAEE9DE01AEDEDC5004059B8 /* WeeklyScheduleViewController.m */,
				FAEE9DE11AEDEDC5004059B8 /* WeeklyScheduleViewController.xib */,
			);
			name = WeeklySchedule;
			sourceTree = "<group>";
		};
		FAEE9DF91AEE1F74004059B8 /* Events and Announcements */ = {
			isa = PBXGroup;
			children = (
				FAEE9DE41AEDEDDE004059B8 /* EventsViewController.h */,
				FAEE9DE51AEDEDDE004059B8 /* EventsViewController.m */,
				FAEE9DE61AEDEDDE004059B8 /* EventsViewController.xib */,
			);
			name = "Events and Announcements";
			sourceTree = "<group>";
		};
		FAEE9DFA1AEE1F91004059B8 /* PrayerTimes */ = {
			isa = PBXGroup;
			children = (
				FAEE9DE91AEDEE15004059B8 /* PrayerTimesViewController.h */,
				FAEE9DEA1AEDEE15004059B8 /* PrayerTimesViewController.m */,
				FAEE9DEB1AEDEE15004059B8 /* PrayerTimesViewController.xib */,
			);
			name = PrayerTimes;
			sourceTree = "<group>";
		};
		FAEE9DFB1AEE1FA2004059B8 /* Contact and Directions */ = {
			isa = PBXGroup;
			children = (
				FAEE9DF31AEDF0BE004059B8 /* ContactViewController.h */,
				FAEE9DF41AEDF0BE004059B8 /* ContactViewController.m */,
				FAEE9DF51AEDF0BE004059B8 /* ContactViewController.xib */,
				FA98DC181B17F3A700C6BE19 /* CustomAnnotation.h */,
				FA98DC191B17F3A700C6BE19 /* CustomAnnotation.m */,
			);
			name = "Contact and Directions";
			sourceTree = "<group>";
		};
		FAEE9DFC1AEE2090004059B8 /* Settings */ = {
			isa = PBXGroup;
			children = (
				FAEE9DFE1AEE20C1004059B8 /* SettingsViewController.h */,
				FAEE9DFF1AEE20C1004059B8 /* SettingsViewController.m */,
				FAEE9E001AEE20C1004059B8 /* SettingsViewController.xib */,
			);
			name = Settings;
			sourceTree = "<group>";
		};
		FAEE9DFD1AEE20A5004059B8 /* Donations */ = {
			isa = PBXGroup;
			children = (
				FAEE9E031AEE20DB004059B8 /* DonationViewController.h */,
				FAEE9E041AEE20DB004059B8 /* DonationViewController.m */,
				FAEE9E051AEE20DB004059B8 /* DonationViewController.xib */,
			);
			name = Donations;
			sourceTree = "<group>";
		};
		FAEE9E101AEFEC4B004059B8 /* Helper */ = {
			isa = PBXGroup;
			children = (
				FAEE9E0D1AEFE926004059B8 /* WeeklyPrograms.h */,
				FAEE9E0E1AEFE926004059B8 /* WeeklyPrograms.m */,
			);
			name = Helper;
			sourceTree = "<group>";
		};
		FAF9A4431AF62649002ECA29 /* DailySchedule */ = {
			isa = PBXGroup;
			children = (
				FAF9A4441AF6267F002ECA29 /* DailyProgramViewController.h */,
				FAF9A4451AF6267F002ECA29 /* DailyProgramViewController.m */,
				FAF9A4461AF6267F002ECA29 /* DailyProgramViewController.xib */,
			);
			name = DailySchedule;
			sourceTree = "<group>";
		};
		FAF9A4531AF73C69002ECA29 /* ProgramDetail */ = {
			isa = PBXGroup;
			children = (
				FAF9A4541AF73C9E002ECA29 /* ProgramDetailViewController.h */,
				FAF9A4551AF73C9E002ECA29 /* ProgramDetailViewController.m */,
				FAF9A4561AF73C9E002ECA29 /* ProgramDetailViewController.xib */,
			);
			name = ProgramDetail;
			sourceTree = "<group>";
		};
/* End PBXGroup section */

/* Begin PBXNativeTarget section */
		FADD455E1AE8DE180022FE96 /* Saba */ = {
			isa = PBXNativeTarget;
			buildConfigurationList = FADD45821AE8DE190022FE96 /* Build configuration list for PBXNativeTarget "Saba" */;
			buildPhases = (
				71235F08B106F7D28FD4DAE4 /* Check Pods Manifest.lock */,
				FADD455B1AE8DE180022FE96 /* Sources */,
				FADD455C1AE8DE180022FE96 /* Frameworks */,
				FADD455D1AE8DE180022FE96 /* Resources */,
				C091D0D8B9FE26B0DB0F9C87 /* Copy Pods Resources */,
			);
			buildRules = (
			);
			dependencies = (
			);
			name = Saba;
			productName = SabaApp;
			productReference = FADD455F1AE8DE180022FE96 /* Saba.app */;
			productType = "com.apple.product-type.application";
		};
		FADD45771AE8DE190022FE96 /* SabaAppTests */ = {
			isa = PBXNativeTarget;
			buildConfigurationList = FADD45851AE8DE190022FE96 /* Build configuration list for PBXNativeTarget "SabaAppTests" */;
			buildPhases = (
				FADD45741AE8DE190022FE96 /* Sources */,
				FADD45751AE8DE190022FE96 /* Frameworks */,
				FADD45761AE8DE190022FE96 /* Resources */,
			);
			buildRules = (
			);
			dependencies = (
				FADD457A1AE8DE190022FE96 /* PBXTargetDependency */,
			);
			name = SabaAppTests;
			productName = SabaAppTests;
			productReference = FADD45781AE8DE190022FE96 /* SabaAppTests.xctest */;
			productType = "com.apple.product-type.bundle.unit-test";
		};
/* End PBXNativeTarget section */

/* Begin PBXProject section */
		FADD45571AE8DE180022FE96 /* Project object */ = {
			isa = PBXProject;
			attributes = {
				LastUpgradeCheck = 0610;
				ORGANIZATIONNAME = Naqvi;
				TargetAttributes = {
					FADD455E1AE8DE180022FE96 = {
						CreatedOnToolsVersion = 6.1.1;
						DevelopmentTeam = 5384HRFCUE;
					};
					FADD45771AE8DE190022FE96 = {
						CreatedOnToolsVersion = 6.1.1;
						TestTargetID = FADD455E1AE8DE180022FE96;
					};
				};
			};
			buildConfigurationList = FADD455A1AE8DE180022FE96 /* Build configuration list for PBXProject "SabaApp" */;
			compatibilityVersion = "Xcode 3.2";
			developmentRegion = English;
			hasScannedForEncodings = 0;
			knownRegions = (
				en,
				Base,
			);
			mainGroup = FADD45561AE8DE180022FE96;
			productRefGroup = FADD45601AE8DE180022FE96 /* Products */;
			projectDirPath = "";
			projectRoot = "";
			targets = (
				FADD455E1AE8DE180022FE96 /* Saba */,
				FADD45771AE8DE190022FE96 /* SabaAppTests */,
			);
		};
/* End PBXProject section */

/* Begin PBXResourcesBuildPhase section */
		FADD455D1AE8DE180022FE96 /* Resources */ = {
			isa = PBXResourcesBuildPhase;
			buildActionMask = 2147483647;
			files = (
				FAEDFE021B3508FC00C276BD /* Sunday.png in Resources */,
				FAEE9DE81AEDEDDE004059B8 /* EventsViewController.xib in Resources */,
				FAF9A4481AF6267F002ECA29 /* DailyProgramViewController.xib in Resources */,
				FADD45A21AE8E1160022FE96 /* pray.png in Resources */,
				FAEDFE001B3508FC00C276BD /* Monday.png in Resources */,
				FADD45A31AE8E1160022FE96 /* settings.png in Resources */,
				FAEDFDFF1B3508FC00C276BD /* Friday.png in Resources */,
				FA4C92C01AE9AD6700F439B7 /* SabaCell.xib in Resources */,
				FA98DC241B1B99AB00C6BE19 /* icon-1024.jpg in Resources */,
				FAEE9DED1AEDEE15004059B8 /* PrayerTimesViewController.xib in Resources */,
				FAF9A44D1AF627DE002ECA29 /* DailyProgramCell.xib in Resources */,
				FADD45731AE8DE190022FE96 /* LaunchScreen.xib in Resources */,
				FADD459D1AE8E1160022FE96 /* calendar.png in Resources */,
				FAEE9E021AEE20C1004059B8 /* SettingsViewController.xib in Resources */,
				FAC191261B1532700071FB42 /* prayers1.png in Resources */,
				FAEE9DF71AEDF0BE004059B8 /* ContactViewController.xib in Resources */,
				FAEDFE031B3508FC00C276BD /* Thursday.png in Resources */,
				FA1EB65F1B0515E300617B1B /* Saba.db in Resources */,
				FADD458D1AE8DED60022FE96 /* MainViewController.xib in Resources */,
				FA6A0B371B39751E002E8951 /* green-pin.png in Resources */,
				FADD45A01AE8E1160022FE96 /* megaphone.png in Resources */,
				FAC191281B1532700071FB42 /* weeklyPrograms.png in Resources */,
				FADD459F1AE8E1160022FE96 /* location.png in Resources */,
				FAC191271B1532700071FB42 /* prayers2.png in Resources */,
				FA98DC231B1B99AB00C6BE19 /* icon-180.jpg in Resources */,
				FA6A0B3B1B3C93C1002E8951 /* home-spash.jpg in Resources */,
				FAF9A4581AF73C9E002ECA29 /* ProgramDetailViewController.xib in Resources */,
				FA98DC291B1C1F5C00C6BE19 /* WeeklyProgramsCell.xib in Resources */,
				FAEDFE051B3508FC00C276BD /* Wednesday.png in Resources */,
				FADD45701AE8DE190022FE96 /* Images.xcassets in Resources */,
				FAEDFE041B3508FC00C276BD /* Tuesday.png in Resources */,
				FADD459E1AE8E1160022FE96 /* dollar.png in Resources */,
				FAC191241B1532700071FB42 /* eventsAnnouncements.png in Resources */,
				FAC191251B1532700071FB42 /* mainImage.png in Resources */,
				FAEE9E071AEE20DB004059B8 /* DonationViewController.xib in Resources */,
				FA98DC221B1B99AB00C6BE19 /* icon-120.jpg in Resources */,
				FA192D4D1AF1AF7B00D6EE85 /* ProgramCell.xib in Resources */,
				FAEE9DE31AEDEDC5004059B8 /* WeeklyScheduleViewController.xib in Resources */,
				FAEDFE011B3508FC00C276BD /* Saturday.png in Resources */,
			);
			runOnlyForDeploymentPostprocessing = 0;
		};
		FADD45761AE8DE190022FE96 /* Resources */ = {
			isa = PBXResourcesBuildPhase;
			buildActionMask = 2147483647;
			files = (
			);
			runOnlyForDeploymentPostprocessing = 0;
		};
/* End PBXResourcesBuildPhase section */

/* Begin PBXShellScriptBuildPhase section */
		71235F08B106F7D28FD4DAE4 /* Check Pods Manifest.lock */ = {
			isa = PBXShellScriptBuildPhase;
			buildActionMask = 2147483647;
			files = (
			);
			inputPaths = (
			);
			name = "Check Pods Manifest.lock";
			outputPaths = (
			);
			runOnlyForDeploymentPostprocessing = 0;
			shellPath = /bin/sh;
			shellScript = "diff \"${PODS_ROOT}/../Podfile.lock\" \"${PODS_ROOT}/Manifest.lock\" > /dev/null\nif [[ $? != 0 ]] ; then\n    cat << EOM\nerror: The sandbox is not in sync with the Podfile.lock. Run 'pod install' or update your CocoaPods installation.\nEOM\n    exit 1\nfi\n";
			showEnvVarsInLog = 0;
		};
		C091D0D8B9FE26B0DB0F9C87 /* Copy Pods Resources */ = {
			isa = PBXShellScriptBuildPhase;
			buildActionMask = 2147483647;
			files = (
			);
			inputPaths = (
			);
			name = "Copy Pods Resources";
			outputPaths = (
			);
			runOnlyForDeploymentPostprocessing = 0;
			shellPath = /bin/sh;
			shellScript = "\"${SRCROOT}/Pods/Target Support Files/Pods/Pods-resources.sh\"\n";
			showEnvVarsInLog = 0;
		};
/* End PBXShellScriptBuildPhase section */

/* Begin PBXSourcesBuildPhase section */
		FADD455B1AE8DE180022FE96 /* Sources */ = {
			isa = PBXSourcesBuildPhase;
			buildActionMask = 2147483647;
			files = (
				FA4C92CC1AEC459E00F439B7 /* Program.m in Sources */,
				FA4C92BF1AE9AD6700F439B7 /* SabaCell.m in Sources */,
				FAEE9E061AEE20DB004059B8 /* DonationViewController.m in Sources */,
				FAF9A44C1AF627DE002ECA29 /* DailyProgramCell.m in Sources */,
				FAEE9E0F1AEFE926004059B8 /* WeeklyPrograms.m in Sources */,
				FAF082A81B0961A7007C60F6 /* PrayerTimes.m in Sources */,
				FADD45681AE8DE180022FE96 /* AppDelegate.m in Sources */,
				FA98DC1A1B17F3A700C6BE19 /* CustomAnnotation.m in Sources */,
				FA4C92C91AEC139E00F439B7 /* SabaClient.m in Sources */,
				FAEE9DE21AEDEDC5004059B8 /* WeeklyScheduleViewController.m in Sources */,
				FAD19DAE1AFC784900308F4F /* DBManager.m in Sources */,
				FAF9A4571AF73C9E002ECA29 /* ProgramDetailViewController.m in Sources */,
				FAF9A4471AF6267F002ECA29 /* DailyProgramViewController.m in Sources */,
				FA98DC281B1C1F5C00C6BE19 /* WeeklyProgramsCell.m in Sources */,
				FAEE9DF61AEDF0BE004059B8 /* ContactViewController.m in Sources */,
				FA192D4C1AF1AF7B00D6EE85 /* ProgramCell.m in Sources */,
				FAEE9DE71AEDEDDE004059B8 /* EventsViewController.m in Sources */,
				FAEE9DEC1AEDEE15004059B8 /* PrayerTimesViewController.m in Sources */,
				FAEE9E0C1AEFE888004059B8 /* DailyProgram.m in Sources */,
				FAEE9E011AEE20C1004059B8 /* SettingsViewController.m in Sources */,
				FADD458C1AE8DED60022FE96 /* MainViewController.m in Sources */,
				FADD45651AE8DE180022FE96 /* main.m in Sources */,
			);
			runOnlyForDeploymentPostprocessing = 0;
		};
		FADD45741AE8DE190022FE96 /* Sources */ = {
			isa = PBXSourcesBuildPhase;
			buildActionMask = 2147483647;
			files = (
				FADD457F1AE8DE190022FE96 /* SabaAppTests.m in Sources */,
			);
			runOnlyForDeploymentPostprocessing = 0;
		};
/* End PBXSourcesBuildPhase section */

/* Begin PBXTargetDependency section */
		FADD457A1AE8DE190022FE96 /* PBXTargetDependency */ = {
			isa = PBXTargetDependency;
			target = FADD455E1AE8DE180022FE96 /* Saba */;
			targetProxy = FADD45791AE8DE190022FE96 /* PBXContainerItemProxy */;
		};
/* End PBXTargetDependency section */

/* Begin PBXVariantGroup section */
		FADD45711AE8DE190022FE96 /* LaunchScreen.xib */ = {
			isa = PBXVariantGroup;
			children = (
				FADD45721AE8DE190022FE96 /* Base */,
			);
			name = LaunchScreen.xib;
			sourceTree = "<group>";
		};
/* End PBXVariantGroup section */

/* Begin XCBuildConfiguration section */
		FADD45801AE8DE190022FE96 /* Debug */ = {
			isa = XCBuildConfiguration;
			buildSettings = {
				ALWAYS_SEARCH_USER_PATHS = NO;
				CLANG_CXX_LANGUAGE_STANDARD = "gnu++0x";
				CLANG_CXX_LIBRARY = "libc++";
				CLANG_ENABLE_MODULES = YES;
				CLANG_ENABLE_OBJC_ARC = YES;
				CLANG_WARN_BOOL_CONVERSION = YES;
				CLANG_WARN_CONSTANT_CONVERSION = YES;
				CLANG_WARN_DIRECT_OBJC_ISA_USAGE = YES_ERROR;
				CLANG_WARN_EMPTY_BODY = YES;
				CLANG_WARN_ENUM_CONVERSION = YES;
				CLANG_WARN_INT_CONVERSION = YES;
				CLANG_WARN_OBJC_ROOT_CLASS = YES_ERROR;
				CLANG_WARN_UNREACHABLE_CODE = YES;
				CLANG_WARN__DUPLICATE_METHOD_MATCH = YES;
				"CODE_SIGN_IDENTITY[sdk=iphoneos*]" = "iPhone Developer";
				COPY_PHASE_STRIP = NO;
				ENABLE_STRICT_OBJC_MSGSEND = YES;
				GCC_C_LANGUAGE_STANDARD = gnu99;
				GCC_DYNAMIC_NO_PIC = NO;
				GCC_OPTIMIZATION_LEVEL = 0;
				GCC_PREPROCESSOR_DEFINITIONS = (
					"DEBUG=1",
					"$(inherited)",
				);
				GCC_SYMBOLS_PRIVATE_EXTERN = NO;
				GCC_WARN_64_TO_32_BIT_CONVERSION = YES;
				GCC_WARN_ABOUT_RETURN_TYPE = YES_ERROR;
				GCC_WARN_UNDECLARED_SELECTOR = YES;
				GCC_WARN_UNINITIALIZED_AUTOS = YES_AGGRESSIVE;
				GCC_WARN_UNUSED_FUNCTION = YES;
				GCC_WARN_UNUSED_VARIABLE = YES;
				IPHONEOS_DEPLOYMENT_TARGET = 8.0;
				MTL_ENABLE_DEBUG_INFO = YES;
				ONLY_ACTIVE_ARCH = YES;
				SDKROOT = iphoneos;
			};
			name = Debug;
		};
		FADD45811AE8DE190022FE96 /* Release */ = {
			isa = XCBuildConfiguration;
			buildSettings = {
				ALWAYS_SEARCH_USER_PATHS = NO;
				CLANG_CXX_LANGUAGE_STANDARD = "gnu++0x";
				CLANG_CXX_LIBRARY = "libc++";
				CLANG_ENABLE_MODULES = YES;
				CLANG_ENABLE_OBJC_ARC = YES;
				CLANG_WARN_BOOL_CONVERSION = YES;
				CLANG_WARN_CONSTANT_CONVERSION = YES;
				CLANG_WARN_DIRECT_OBJC_ISA_USAGE = YES_ERROR;
				CLANG_WARN_EMPTY_BODY = YES;
				CLANG_WARN_ENUM_CONVERSION = YES;
				CLANG_WARN_INT_CONVERSION = YES;
				CLANG_WARN_OBJC_ROOT_CLASS = YES_ERROR;
				CLANG_WARN_UNREACHABLE_CODE = YES;
				CLANG_WARN__DUPLICATE_METHOD_MATCH = YES;
				"CODE_SIGN_IDENTITY[sdk=iphoneos*]" = "iPhone Developer";
				COPY_PHASE_STRIP = YES;
				ENABLE_NS_ASSERTIONS = NO;
				ENABLE_STRICT_OBJC_MSGSEND = YES;
				GCC_C_LANGUAGE_STANDARD = gnu99;
				GCC_WARN_64_TO_32_BIT_CONVERSION = YES;
				GCC_WARN_ABOUT_RETURN_TYPE = YES_ERROR;
				GCC_WARN_UNDECLARED_SELECTOR = YES;
				GCC_WARN_UNINITIALIZED_AUTOS = YES_AGGRESSIVE;
				GCC_WARN_UNUSED_FUNCTION = YES;
				GCC_WARN_UNUSED_VARIABLE = YES;
				IPHONEOS_DEPLOYMENT_TARGET = 8.0;
				MTL_ENABLE_DEBUG_INFO = NO;
				SDKROOT = iphoneos;
				VALIDATE_PRODUCT = YES;
			};
			name = Release;
		};
		FADD45831AE8DE190022FE96 /* Debug */ = {
			isa = XCBuildConfiguration;
			baseConfigurationReference = AC3F67798D45D760C6C33728 /* Pods.debug.xcconfig */;
			buildSettings = {
				ASSETCATALOG_COMPILER_APPICON_NAME = AppIcon;
				ASSETCATALOG_COMPILER_LAUNCHIMAGE_NAME = "";
				CODE_SIGN_IDENTITY = "iPhone Developer";
				"CODE_SIGN_IDENTITY[sdk=iphoneos*]" = "iPhone Developer";
				INFOPLIST_FILE = SabaApp/Info.plist;
				IPHONEOS_DEPLOYMENT_TARGET = 8.0;
				LD_RUNPATH_SEARCH_PATHS = "$(inherited) @executable_path/Frameworks";
				PRODUCT_NAME = "$(TARGET_NAME)";
				PROVISIONING_PROFILE = "";
				TARGETED_DEVICE_FAMILY = 1;
			};
			name = Debug;
		};
		FADD45841AE8DE190022FE96 /* Release */ = {
			isa = XCBuildConfiguration;
			baseConfigurationReference = 063D403729EB442D45B488BD /* Pods.release.xcconfig */;
			buildSettings = {
				ASSETCATALOG_COMPILER_APPICON_NAME = AppIcon;
				ASSETCATALOG_COMPILER_LAUNCHIMAGE_NAME = "";
				CODE_SIGN_IDENTITY = "iPhone Developer";
				"CODE_SIGN_IDENTITY[sdk=iphoneos*]" = "iPhone Developer";
				INFOPLIST_FILE = SabaApp/Info.plist;
				IPHONEOS_DEPLOYMENT_TARGET = 8.0;
				LD_RUNPATH_SEARCH_PATHS = "$(inherited) @executable_path/Frameworks";
				PRODUCT_NAME = "$(TARGET_NAME)";
				PROVISIONING_PROFILE = "";
				TARGETED_DEVICE_FAMILY = 1;
			};
			name = Release;
		};
		FADD45861AE8DE190022FE96 /* Debug */ = {
			isa = XCBuildConfiguration;
			buildSettings = {
				BUNDLE_LOADER = "$(TEST_HOST)";
				FRAMEWORK_SEARCH_PATHS = (
					"$(SDKROOT)/Developer/Library/Frameworks",
					"$(inherited)",
				);
				GCC_PREPROCESSOR_DEFINITIONS = (
					"DEBUG=1",
					"$(inherited)",
				);
				INFOPLIST_FILE = SabaAppTests/Info.plist;
				LD_RUNPATH_SEARCH_PATHS = "$(inherited) @executable_path/Frameworks @loader_path/Frameworks";
				PRODUCT_NAME = "$(TARGET_NAME)";
				TEST_HOST = "$(BUILT_PRODUCTS_DIR)/SabaApp.app/SabaApp";
			};
			name = Debug;
		};
		FADD45871AE8DE190022FE96 /* Release */ = {
			isa = XCBuildConfiguration;
			buildSettings = {
				BUNDLE_LOADER = "$(TEST_HOST)";
				FRAMEWORK_SEARCH_PATHS = (
					"$(SDKROOT)/Developer/Library/Frameworks",
					"$(inherited)",
				);
				INFOPLIST_FILE = SabaAppTests/Info.plist;
				LD_RUNPATH_SEARCH_PATHS = "$(inherited) @executable_path/Frameworks @loader_path/Frameworks";
				PRODUCT_NAME = "$(TARGET_NAME)";
				TEST_HOST = "$(BUILT_PRODUCTS_DIR)/SabaApp.app/SabaApp";
			};
			name = Release;
		};
/* End XCBuildConfiguration section */

/* Begin XCConfigurationList section */
		FADD455A1AE8DE180022FE96 /* Build configuration list for PBXProject "SabaApp" */ = {
			isa = XCConfigurationList;
			buildConfigurations = (
				FADD45801AE8DE190022FE96 /* Debug */,
				FADD45811AE8DE190022FE96 /* Release */,
			);
			defaultConfigurationIsVisible = 0;
			defaultConfigurationName = Release;
		};
		FADD45821AE8DE190022FE96 /* Build configuration list for PBXNativeTarget "Saba" */ = {
			isa = XCConfigurationList;
			buildConfigurations = (
				FADD45831AE8DE190022FE96 /* Debug */,
				FADD45841AE8DE190022FE96 /* Release */,
			);
			defaultConfigurationIsVisible = 0;
			defaultConfigurationName = Release;
		};
		FADD45851AE8DE190022FE96 /* Build configuration list for PBXNativeTarget "SabaAppTests" */ = {
			isa = XCConfigurationList;
			buildConfigurations = (
				FADD45861AE8DE190022FE96 /* Debug */,
				FADD45871AE8DE190022FE96 /* Release */,
			);
			defaultConfigurationIsVisible = 0;
			defaultConfigurationName = Release;
		};
/* End XCConfigurationList section */
	};
	rootObject = FADD45571AE8DE180022FE96 /* Project object */;
}
